
Microsoft Visual Studio Solution File, Format Version 12.00
# Visual Studio Version 17
VisualStudioVersion = 17.8.34330.188
MinimumVisualStudioVersion = 10.0.40219.1
Project("{9A19103F-16F7-4668-BE54-9A1E7A4F7556}") = "ECommerceLambda", "src\ECommerceLambda\ECommerceLambda.csproj", "{3C23DDBE-BBEF-4082-B261-0B9AF88CB2FD}"
EndProject
Project("{9A19103F-16F7-4668-BE54-9A1E7A4F7556}") = "AprovarPedidoLambda", "src\AprovarPedidoLambda\AprovarPedidoLambda.csproj", "{4483D87A-3774-4A63-8EA6-AFE8ABB79749}"
EndProject
Project("{FAE04EC0-301F-11D3-BF4B-00C04F79EFBC}") = "ECommerceLambda.Domain", "src\ECommerceLambda.Domain\ECommerceLambda.Domain.csproj", "{0B625476-3B89-47C8-840D-8C428E503B41}"
EndProject
Global
	GlobalSection(SolutionConfigurationPlatforms) = preSolution
		Debug|Any CPU = Debug|Any CPU
		Release|Any CPU = Release|Any CPU
	EndGlobalSection
	GlobalSection(ProjectConfigurationPlatforms) = postSolution
		{3C23DDBE-BBEF-4082-B261-0B9AF88CB2FD}.Debug|Any CPU.ActiveCfg = Debug|Any CPU
		{3C23DDBE-BBEF-4082-B261-0B9AF88CB2FD}.Debug|Any CPU.Build.0 = Debug|Any CPU
		{3C23DDBE-BBEF-4082-B261-0B9AF88CB2FD}.Release|Any CPU.ActiveCfg = Release|Any CPU
		{3C23DDBE-BBEF-4082-B261-0B9AF88CB2FD}.Release|Any CPU.Build.0 = Release|Any CPU
		{4483D87A-3774-4A63-8EA6-AFE8ABB79749}.Debug|Any CPU.ActiveCfg = Debug|Any CPU
		{4483D87A-3774-4A63-8EA6-AFE8ABB79749}.Debug|Any CPU.Build.0 = Debug|Any CPU
		{4483D87A-3774-4A63-8EA6-AFE8ABB79749}.Release|Any CPU.ActiveCfg = Release|Any CPU
		{4483D87A-3774-4A63-8EA6-AFE8ABB79749}.Release|Any CPU.Build.0 = Release|Any CPU
		{0B625476-3B89-47C8-840D-8C428E503B41}.Debug|Any CPU.ActiveCfg = Debug|Any CPU
		{0B625476-3B89-47C8-840D-8C428E503B41}.Debug|Any CPU.Build.0 = Debug|Any CPU
		{0B625476-3B89-47C8-840D-8C428E503B41}.Release|Any CPU.ActiveCfg = Release|Any CPU
		{0B625476-3B89-47C8-840D-8C428E503B41}.Release|Any CPU.Build.0 = Release|Any CPU
	EndGlobalSection
	GlobalSection(SolutionProperties) = preSolution
		HideSolutionNode = FALSE
	EndGlobalSection
	GlobalSection(ExtensibilityGlobals) = postSolution
		SolutionGuid = {6F93AAAF-BD9A-4C24-A2C5-DF67B494F065}
	EndGlobalSection
EndGlobal
